
Microsoft Visual Studio Solution File, Format Version 12.00
# Visual Studio Version 17
VisualStudioVersion = 17.0.31903.59
MinimumVisualStudioVersion = 10.0.40219.1
Project("{2150E333-8FDC-42A3-9474-1A3956D46DE8}") = "src", "src", "{827E0CD3-B72D-47B6-A68D-7590B98EB39B}"
EndProject
Project("{FAE04EC0-301F-11D3-BF4B-00C04F79EFBC}") = "LogFileParser.Domain", "src\LogFileParser.Domain\LogFileParser.Domain.csproj", "{3EDE885C-2CF3-4D09-8C06-AD5DFA47B597}"
EndProject
Project("{FAE04EC0-301F-11D3-BF4B-00C04F79EFBC}") = "LogFileParser.Application", "src\LogFileParser.Application\LogFileParser.Application.csproj", "{8E9BFAEA-765B-4099-9036-C741879B1682}"
EndProject
Project("{FAE04EC0-301F-11D3-BF4B-00C04F79EFBC}") = "LogFileParser.Infrastructure", "src\LogFileParser.Infrastructure\LogFileParser.Infrastructure.csproj", "{05F62E9D-CC2D-42B6-9B1F-58D35E4E6A20}"
EndProject
Project("{FAE04EC0-301F-11D3-BF4B-00C04F79EFBC}") = "LogFileParser.Console", "src\LogFileParser.Console\LogFileParser.Console.csproj", "{F9568006-CBC6-4AC2-8873-66E7E0963263}"
EndProject
Project("{2150E333-8FDC-42A3-9474-1A3956D46DE8}") = "tests", "tests", "{0AB3BF05-4346-4AA6-1389-037BE0695223}"
EndProject
Project("{FAE04EC0-301F-11D3-BF4B-00C04F79EFBC}") = "LogFileParser.Domain.Tests", "tests\LogFileParser.Domain.Tests\LogFileParser.Domain.Tests.csproj", "{DE4DB61C-6E66-40EF-A847-456A5FD0A686}"
EndProject
Project("{FAE04EC0-301F-11D3-BF4B-00C04F79EFBC}") = "LogFileParser.Application.Tests", "tests\LogFileParser.Application.Tests\LogFileParser.Application.Tests.csproj", "{F4C8FC05-218D-41CF-9B2B-FD9FE7644065}"
EndProject
Project("{FAE04EC0-301F-11D3-BF4B-00C04F79EFBC}") = "LogFileParser.Infrastructure.Tests", "tests\LogFileParser.Infrastructure.Tests\LogFileParser.Infrastructure.Tests.csproj", "{07668113-1666-466A-974D-B91778B7B7FA}"
EndProject
Global
	GlobalSection(SolutionConfigurationPlatforms) = preSolution
		Debug|Any CPU = Debug|Any CPU
		Debug|x64 = Debug|x64
		Debug|x86 = Debug|x86
		Release|Any CPU = Release|Any CPU
		Release|x64 = Release|x64
		Release|x86 = Release|x86
	EndGlobalSection
	GlobalSection(ProjectConfigurationPlatforms) = postSolution
		{3EDE885C-2CF3-4D09-8C06-AD5DFA47B597}.Debug|Any CPU.ActiveCfg = Debug|Any CPU
		{3EDE885C-2CF3-4D09-8C06-AD5DFA47B597}.Debug|Any CPU.Build.0 = Debug|Any CPU
		{3EDE885C-2CF3-4D09-8C06-AD5DFA47B597}.Debug|x64.ActiveCfg = Debug|Any CPU
		{3EDE885C-2CF3-4D09-8C06-AD5DFA47B597}.Debug|x64.Build.0 = Debug|Any CPU
		{3EDE885C-2CF3-4D09-8C06-AD5DFA47B597}.Debug|x86.ActiveCfg = Debug|Any CPU
		{3EDE885C-2CF3-4D09-8C06-AD5DFA47B597}.Debug|x86.Build.0 = Debug|Any CPU
		{3EDE885C-2CF3-4D09-8C06-AD5DFA47B597}.Release|Any CPU.ActiveCfg = Release|Any CPU
		{3EDE885C-2CF3-4D09-8C06-AD5DFA47B597}.Release|Any CPU.Build.0 = Release|Any CPU
		{3EDE885C-2CF3-4D09-8C06-AD5DFA47B597}.Release|x64.ActiveCfg = Release|Any CPU
		{3EDE885C-2CF3-4D09-8C06-AD5DFA47B597}.Release|x64.Build.0 = Release|Any CPU
		{3EDE885C-2CF3-4D09-8C06-AD5DFA47B597}.Release|x86.ActiveCfg = Release|Any CPU
		{3EDE885C-2CF3-4D09-8C06-AD5DFA47B597}.Release|x86.Build.0 = Release|Any CPU
		{8E9BFAEA-765B-4099-9036-C741879B1682}.Debug|Any CPU.ActiveCfg = Debug|Any CPU
		{8E9BFAEA-765B-4099-9036-C741879B1682}.Debug|Any CPU.Build.0 = Debug|Any CPU
		{8E9BFAEA-765B-4099-9036-C741879B1682}.Debug|x64.ActiveCfg = Debug|Any CPU
		{8E9BFAEA-765B-4099-9036-C741879B1682}.Debug|x64.Build.0 = Debug|Any CPU
		{8E9BFAEA-765B-4099-9036-C741879B1682}.Debug|x86.ActiveCfg = Debug|Any CPU
		{8E9BFAEA-765B-4099-9036-C741879B1682}.Debug|x86.Build.0 = Debug|Any CPU
		{8E9BFAEA-765B-4099-9036-C741879B1682}.Release|Any CPU.ActiveCfg = Release|Any CPU
		{8E9BFAEA-765B-4099-9036-C741879B1682}.Release|Any CPU.Build.0 = Release|Any CPU
		{8E9BFAEA-765B-4099-9036-C741879B1682}.Release|x64.ActiveCfg = Release|Any CPU
		{8E9BFAEA-765B-4099-9036-C741879B1682}.Release|x64.Build.0 = Release|Any CPU
		{8E9BFAEA-765B-4099-9036-C741879B1682}.Release|x86.ActiveCfg = Release|Any CPU
		{8E9BFAEA-765B-4099-9036-C741879B1682}.Release|x86.Build.0 = Release|Any CPU
		{05F62E9D-CC2D-42B6-9B1F-58D35E4E6A20}.Debug|Any CPU.ActiveCfg = Debug|Any CPU
		{05F62E9D-CC2D-42B6-9B1F-58D35E4E6A20}.Debug|Any CPU.Build.0 = Debug|Any CPU
		{05F62E9D-CC2D-42B6-9B1F-58D35E4E6A20}.Debug|x64.ActiveCfg = Debug|Any CPU
		{05F62E9D-CC2D-42B6-9B1F-58D35E4E6A20}.Debug|x64.Build.0 = Debug|Any CPU
		{05F62E9D-CC2D-42B6-9B1F-58D35E4E6A20}.Debug|x86.ActiveCfg = Debug|Any CPU
		{05F62E9D-CC2D-42B6-9B1F-58D35E4E6A20}.Debug|x86.Build.0 = Debug|Any CPU
		{05F62E9D-CC2D-42B6-9B1F-58D35E4E6A20}.Release|Any CPU.ActiveCfg = Release|Any CPU
		{05F62E9D-CC2D-42B6-9B1F-58D35E4E6A20}.Release|Any CPU.Build.0 = Release|Any CPU
		{05F62E9D-CC2D-42B6-9B1F-58D35E4E6A20}.Release|x64.ActiveCfg = Release|Any CPU
		{05F62E9D-CC2D-42B6-9B1F-58D35E4E6A20}.Release|x64.Build.0 = Release|Any CPU
		{05F62E9D-CC2D-42B6-9B1F-58D35E4E6A20}.Release|x86.ActiveCfg = Release|Any CPU
		{05F62E9D-CC2D-42B6-9B1F-58D35E4E6A20}.Release|x86.Build.0 = Release|Any CPU
		{F9568006-CBC6-4AC2-8873-66E7E0963263}.Debug|Any CPU.ActiveCfg = Debug|Any CPU
		{F9568006-CBC6-4AC2-8873-66E7E0963263}.Debug|Any CPU.Build.0 = Debug|Any CPU
		{F9568006-CBC6-4AC2-8873-66E7E0963263}.Debug|x64.ActiveCfg = Debug|Any CPU
		{F9568006-CBC6-4AC2-8873-66E7E0963263}.Debug|x64.Build.0 = Debug|Any CPU
		{F9568006-CBC6-4AC2-8873-66E7E0963263}.Debug|x86.ActiveCfg = Debug|Any CPU
		{F9568006-CBC6-4AC2-8873-66E7E0963263}.Debug|x86.Build.0 = Debug|Any CPU
		{F9568006-CBC6-4AC2-8873-66E7E0963263}.Release|Any CPU.ActiveCfg = Release|Any CPU
		{F9568006-CBC6-4AC2-8873-66E7E0963263}.Release|Any CPU.Build.0 = Release|Any CPU
		{F9568006-CBC6-4AC2-8873-66E7E0963263}.Release|x64.ActiveCfg = Release|Any CPU
		{F9568006-CBC6-4AC2-8873-66E7E0963263}.Release|x64.Build.0 = Release|Any CPU
		{F9568006-CBC6-4AC2-8873-66E7E0963263}.Release|x86.ActiveCfg = Release|Any CPU
		{F9568006-CBC6-4AC2-8873-66E7E0963263}.Release|x86.Build.0 = Release|Any CPU
		{DE4DB61C-6E66-40EF-A847-456A5FD0A686}.Debug|Any CPU.ActiveCfg = Debug|Any CPU
		{DE4DB61C-6E66-40EF-A847-456A5FD0A686}.Debug|Any CPU.Build.0 = Debug|Any CPU
		{DE4DB61C-6E66-40EF-A847-456A5FD0A686}.Debug|x64.ActiveCfg = Debug|Any CPU
		{DE4DB61C-6E66-40EF-A847-456A5FD0A686}.Debug|x64.Build.0 = Debug|Any CPU
		{DE4DB61C-6E66-40EF-A847-456A5FD0A686}.Debug|x86.ActiveCfg = Debug|Any CPU
		{DE4DB61C-6E66-40EF-A847-456A5FD0A686}.Debug|x86.Build.0 = Debug|Any CPU
		{DE4DB61C-6E66-40EF-A847-456A5FD0A686}.Release|Any CPU.ActiveCfg = Release|Any CPU
		{DE4DB61C-6E66-40EF-A847-456A5FD0A686}.Release|Any CPU.Build.0 = Release|Any CPU
		{DE4DB61C-6E66-40EF-A847-456A5FD0A686}.Release|x64.ActiveCfg = Release|Any CPU
		{DE4DB61C-6E66-40EF-A847-456A5FD0A686}.Release|x64.Build.0 = Release|Any CPU
		{DE4DB61C-6E66-40EF-A847-456A5FD0A686}.Release|x86.ActiveCfg = Release|Any CPU
		{DE4DB61C-6E66-40EF-A847-456A5FD0A686}.Release|x86.Build.0 = Release|Any CPU
		{F4C8FC05-218D-41CF-9B2B-FD9FE7644065}.Debug|Any CPU.ActiveCfg = Debug|Any CPU
		{F4C8FC05-218D-41CF-9B2B-FD9FE7644065}.Debug|Any CPU.Build.0 = Debug|Any CPU
		{F4C8FC05-218D-41CF-9B2B-FD9FE7644065}.Debug|x64.ActiveCfg = Debug|Any CPU
		{F4C8FC05-218D-41CF-9B2B-FD9FE7644065}.Debug|x64.Build.0 = Debug|Any CPU
		{F4C8FC05-218D-41CF-9B2B-FD9FE7644065}.Debug|x86.ActiveCfg = Debug|Any CPU
		{F4C8FC05-218D-41CF-9B2B-FD9FE7644065}.Debug|x86.Build.0 = Debug|Any CPU
		{F4C8FC05-218D-41CF-9B2B-FD9FE7644065}.Release|Any CPU.ActiveCfg = Release|Any CPU
		{F4C8FC05-218D-41CF-9B2B-FD9FE7644065}.Release|Any CPU.Build.0 = Release|Any CPU
		{F4C8FC05-218D-41CF-9B2B-FD9FE7644065}.Release|x64.ActiveCfg = Release|Any CPU
		{F4C8FC05-218D-41CF-9B2B-FD9FE7644065}.Release|x64.Build.0 = Release|Any CPU
		{F4C8FC05-218D-41CF-9B2B-FD9FE7644065}.Release|x86.ActiveCfg = Release|Any CPU
		{F4C8FC05-218D-41CF-9B2B-FD9FE7644065}.Release|x86.Build.0 = Release|Any CPU
		{07668113-1666-466A-974D-B91778B7B7FA}.Debug|Any CPU.ActiveCfg = Debug|Any CPU
		{07668113-1666-466A-974D-B91778B7B7FA}.Debug|Any CPU.Build.0 = Debug|Any CPU
		{07668113-1666-466A-974D-B91778B7B7FA}.Debug|x64.ActiveCfg = Debug|Any CPU
		{07668113-1666-466A-974D-B91778B7B7FA}.Debug|x64.Build.0 = Debug|Any CPU
		{07668113-1666-466A-974D-B91778B7B7FA}.Debug|x86.ActiveCfg = Debug|Any CPU
		{07668113-1666-466A-974D-B91778B7B7FA}.Debug|x86.Build.0 = Debug|Any CPU
		{07668113-1666-466A-974D-B91778B7B7FA}.Release|Any CPU.ActiveCfg = Release|Any CPU
		{07668113-1666-466A-974D-B91778B7B7FA}.Release|Any CPU.Build.0 = Release|Any CPU
		{07668113-1666-466A-974D-B91778B7B7FA}.Release|x64.ActiveCfg = Release|Any CPU
		{07668113-1666-466A-974D-B91778B7B7FA}.Release|x64.Build.0 = Release|Any CPU
		{07668113-1666-466A-974D-B91778B7B7FA}.Release|x86.ActiveCfg = Release|Any CPU
		{07668113-1666-466A-974D-B91778B7B7FA}.Release|x86.Build.0 = Release|Any CPU
	EndGlobalSection
	GlobalSection(SolutionProperties) = preSolution
		HideSolutionNode = FALSE
	EndGlobalSection
	GlobalSection(NestedProjects) = preSolution
		{3EDE885C-2CF3-4D09-8C06-AD5DFA47B597} = {827E0CD3-B72D-47B6-A68D-7590B98EB39B}
		{8E9BFAEA-765B-4099-9036-C741879B1682} = {827E0CD3-B72D-47B6-A68D-7590B98EB39B}
		{05F62E9D-CC2D-42B6-9B1F-58D35E4E6A20} = {827E0CD3-B72D-47B6-A68D-7590B98EB39B}
		{F9568006-CBC6-4AC2-8873-66E7E0963263} = {827E0CD3-B72D-47B6-A68D-7590B98EB39B}
		{DE4DB61C-6E66-40EF-A847-456A5FD0A686} = {0AB3BF05-4346-4AA6-1389-037BE0695223}
		{F4C8FC05-218D-41CF-9B2B-FD9FE7644065} = {0AB3BF05-4346-4AA6-1389-037BE0695223}
		{07668113-1666-466A-974D-B91778B7B7FA} = {0AB3BF05-4346-4AA6-1389-037BE0695223}
	EndGlobalSection
EndGlobal
